
Microsoft Visual Studio Solution File, Format Version 12.00
# Visual Studio Version 16
VisualStudioVersion = 17.0.31611.283
MinimumVisualStudioVersion = 10.0.40219.1
Project("{FAE04EC0-301F-11D3-BF4B-00C04F79EFBC}") = "TcpConnectionSystem.Models", "TcpConnectionSystem.Models\TcpConnectionSystem.Models.csproj", "{5619F796-497B-4F48-921D-96A7A1BE8CDE}"
EndProject
Project("{FAE04EC0-301F-11D3-BF4B-00C04F79EFBC}") = "TcpConnectionSystem", "TcpConnectionSystem\TcpConnectionSystem.csproj", "{C488358E-150D-4656-9812-DF1BEF1FD31B}"
EndProject
Project("{FAE04EC0-301F-11D3-BF4B-00C04F79EFBC}") = "TcpConnectionSystem.Core", "TcpConnectionSystem.Core\TcpConnectionSystem.Core.csproj", "{36E73CE3-2118-4F17-AB46-EF84F4383411}"
EndProject
Project("{FAE04EC0-301F-11D3-BF4B-00C04F79EFBC}") = "TcpConnectionSystem.ViewModels", "TcpConnectionSystem.ViewModels\TcpConnectionSystem.ViewModels.csproj", "{19CD42E3-BE14-4820-A3E8-ED9A904E1E52}"
EndProject
Global
	GlobalSection(SolutionConfigurationPlatforms) = preSolution
		Debug|Any CPU = Debug|Any CPU
		Release|Any CPU = Release|Any CPU
	EndGlobalSection
	GlobalSection(ProjectConfigurationPlatforms) = postSolution
		{5619F796-497B-4F48-921D-96A7A1BE8CDE}.Debug|Any CPU.ActiveCfg = Debug|Any CPU
		{5619F796-497B-4F48-921D-96A7A1BE8CDE}.Debug|Any CPU.Build.0 = Debug|Any CPU
		{5619F796-497B-4F48-921D-96A7A1BE8CDE}.Release|Any CPU.ActiveCfg = Release|Any CPU
		{5619F796-497B-4F48-921D-96A7A1BE8CDE}.Release|Any CPU.Build.0 = Release|Any CPU
		{C488358E-150D-4656-9812-DF1BEF1FD31B}.Debug|Any CPU.ActiveCfg = Debug|Any CPU
		{C488358E-150D-4656-9812-DF1BEF1FD31B}.Debug|Any CPU.Build.0 = Debug|Any CPU
		{C488358E-150D-4656-9812-DF1BEF1FD31B}.Release|Any CPU.ActiveCfg = Release|Any CPU
		{C488358E-150D-4656-9812-DF1BEF1FD31B}.Release|Any CPU.Build.0 = Release|Any CPU
		{36E73CE3-2118-4F17-AB46-EF84F4383411}.Debug|Any CPU.ActiveCfg = Debug|Any CPU
		{36E73CE3-2118-4F17-AB46-EF84F4383411}.Debug|Any CPU.Build.0 = Debug|Any CPU
		{36E73CE3-2118-4F17-AB46-EF84F4383411}.Release|Any CPU.ActiveCfg = Release|Any CPU
		{36E73CE3-2118-4F17-AB46-EF84F4383411}.Release|Any CPU.Build.0 = Release|Any CPU
		{19CD42E3-BE14-4820-A3E8-ED9A904E1E52}.Debug|Any CPU.ActiveCfg = Debug|Any CPU
		{19CD42E3-BE14-4820-A3E8-ED9A904E1E52}.Debug|Any CPU.Build.0 = Debug|Any CPU
		{19CD42E3-BE14-4820-A3E8-ED9A904E1E52}.Release|Any CPU.ActiveCfg = Release|Any CPU
		{19CD42E3-BE14-4820-A3E8-ED9A904E1E52}.Release|Any CPU.Build.0 = Release|Any CPU
	EndGlobalSection
	GlobalSection(SolutionProperties) = preSolution
		HideSolutionNode = FALSE
	EndGlobalSection
	GlobalSection(ExtensibilityGlobals) = postSolution
		SolutionGuid = {61F7FB11-1E47-470C-91E2-47F8143E1572}
	EndGlobalSection
EndGlobal
